
Microsoft Visual Studio Solution File, Format Version 12.00
# Visual Studio Version 17
VisualStudioVersion = 17.9.34701.34
MinimumVisualStudioVersion = 10.0.40219.1
Project("{FAE04EC0-301F-11D3-BF4B-00C04F79EFBC}") = "TranMinhKhang_Buoi3", "TranMinhKhang_Buoi3.csproj", "{4150611E-91FD-45A6-830B-093913CB4BA0}"
EndProject
Global
	GlobalSection(SolutionConfigurationPlatforms) = preSolution
		Debug|Any CPU = Debug|Any CPU
		Release|Any CPU = Release|Any CPU
	EndGlobalSection
	GlobalSection(ProjectConfigurationPlatforms) = postSolution
		{4150611E-91FD-45A6-830B-093913CB4BA0}.Debug|Any CPU.ActiveCfg = Debug|Any CPU
		{4150611E-91FD-45A6-830B-093913CB4BA0}.Debug|Any CPU.Build.0 = Debug|Any CPU
		{4150611E-91FD-45A6-830B-093913CB4BA0}.Release|Any CPU.ActiveCfg = Release|Any CPU
		{4150611E-91FD-45A6-830B-093913CB4BA0}.Release|Any CPU.Build.0 = Release|Any CPU
	EndGlobalSection
	GlobalSection(SolutionProperties) = preSolution
		HideSolutionNode = FALSE
	EndGlobalSection
	GlobalSection(ExtensibilityGlobals) = postSolution
		SolutionGuid = {561F4620-6E74-4435-9592-E94FEE95A3C9}
	EndGlobalSection
EndGlobal
